
Microsoft Visual Studio Solution File, Format Version 12.00
# Visual Studio Version 17
VisualStudioVersion = 17.2.32526.322
MinimumVisualStudioVersion = 10.0.40219.1
Project("{9A19103F-16F7-4668-BE54-9A1E7A4F7556}") = "ArmaWebApi", "ArmaWebApi\ArmaWebApi.csproj", "{581FF3C3-6C21-4124-A668-15D552591075}"
EndProject
Project("{9A19103F-16F7-4668-BE54-9A1E7A4F7556}") = "DataAccess", "DataAccess\DataAccess.csproj", "{447CCBAC-E362-4FBE-8507-E4EBDBA33502}"
EndProject
Project("{9A19103F-16F7-4668-BE54-9A1E7A4F7556}") = "Domain", "Domain\Domain.csproj", "{FC09A18B-2C78-4DD2-B811-1D83EC605FB2}"
EndProject
Global
	GlobalSection(SolutionConfigurationPlatforms) = preSolution
		Debug|Any CPU = Debug|Any CPU
		Release|Any CPU = Release|Any CPU
	EndGlobalSection
	GlobalSection(ProjectConfigurationPlatforms) = postSolution
		{581FF3C3-6C21-4124-A668-15D552591075}.Debug|Any CPU.ActiveCfg = Debug|Any CPU
		{581FF3C3-6C21-4124-A668-15D552591075}.Debug|Any CPU.Build.0 = Debug|Any CPU
		{581FF3C3-6C21-4124-A668-15D552591075}.Release|Any CPU.ActiveCfg = Release|Any CPU
		{581FF3C3-6C21-4124-A668-15D552591075}.Release|Any CPU.Build.0 = Release|Any CPU
		{447CCBAC-E362-4FBE-8507-E4EBDBA33502}.Debug|Any CPU.ActiveCfg = Debug|Any CPU
		{447CCBAC-E362-4FBE-8507-E4EBDBA33502}.Debug|Any CPU.Build.0 = Debug|Any CPU
		{447CCBAC-E362-4FBE-8507-E4EBDBA33502}.Release|Any CPU.ActiveCfg = Release|Any CPU
		{447CCBAC-E362-4FBE-8507-E4EBDBA33502}.Release|Any CPU.Build.0 = Release|Any CPU
		{FC09A18B-2C78-4DD2-B811-1D83EC605FB2}.Debug|Any CPU.ActiveCfg = Debug|Any CPU
		{FC09A18B-2C78-4DD2-B811-1D83EC605FB2}.Debug|Any CPU.Build.0 = Debug|Any CPU
		{FC09A18B-2C78-4DD2-B811-1D83EC605FB2}.Release|Any CPU.ActiveCfg = Release|Any CPU
		{FC09A18B-2C78-4DD2-B811-1D83EC605FB2}.Release|Any CPU.Build.0 = Release|Any CPU
	EndGlobalSection
	GlobalSection(SolutionProperties) = preSolution
		HideSolutionNode = FALSE
	EndGlobalSection
	GlobalSection(ExtensibilityGlobals) = postSolution
		SolutionGuid = {3DE4C810-15D1-492B-A6EA-C4E61A1D7EEC}
	EndGlobalSection
EndGlobal
